// !$*UTF8*$!
{
	archiveVersion = 1;
	classes = {
	};
	objectVersion = 51;
	objects = {

/* Begin PBXBuildFile section */
		67904B84A9942FC63B1AE391 /* libPods-mix_flutter_ios.a in Frameworks */ = {isa = PBXBuildFile; fileRef = 6C951320E28B62214630F11F /* libPods-mix_flutter_ios.a */; };
		A24DBF72243D61AC00428171 /* AppDelegate.swift in Sources */ = {isa = PBXBuildFile; fileRef = A24DBF71243D61AC00428171 /* AppDelegate.swift */; };
		A24DBF74243D61AC00428171 /* SceneDelegate.swift in Sources */ = {isa = PBXBuildFile; fileRef = A24DBF73243D61AC00428171 /* SceneDelegate.swift */; };
		A24DBF76243D61AC00428171 /* ViewController.swift in Sources */ = {isa = PBXBuildFile; fileRef = A24DBF75243D61AC00428171 /* ViewController.swift */; };
		A24DBF79243D61AC00428171 /* Main.storyboard in Resources */ = {isa = PBXBuildFile; fileRef = A24DBF77243D61AC00428171 /* Main.storyboard */; };
		A24DBF7B243D61AD00428171 /* Assets.xcassets in Resources */ = {isa = PBXBuildFile; fileRef = A24DBF7A243D61AD00428171 /* Assets.xcassets */; };
		A24DBF7E243D61AD00428171 /* LaunchScreen.storyboard in Resources */ = {isa = PBXBuildFile; fileRef = A24DBF7C243D61AD00428171 /* LaunchScreen.storyboard */; };
		A2987462243D683600B42656 /* PlatformRouterImp.swift in Sources */ = {isa = PBXBuildFile; fileRef = A2987461243D683600B42656 /* PlatformRouterImp.swift */; };
/* End PBXBuildFile section */

/* Begin PBXFileReference section */
		6C951320E28B62214630F11F /* libPods-mix_flutter_ios.a */ = {isa = PBXFileReference; explicitFileType = archive.ar; includeInIndex = 0; path = "libPods-mix_flutter_ios.a"; sourceTree = BUILT_PRODUCTS_DIR; };
		81A28BA865C960606346A5C8 /* Pods-mix_flutter_ios.debug.xcconfig */ = {isa = PBXFileReference; includeInIndex = 1; lastKnownFileType = text.xcconfig; name = "Pods-mix_flutter_ios.debug.xcconfig"; path = "Target Support Files/Pods-mix_flutter_ios/Pods-mix_flutter_ios.debug.xcconfig"; sourceTree = "<group>"; };
		A24DBF6E243D61AC00428171 /* mix_flutter_ios.app */ = {isa = PBXFileReference; explicitFileType = wrapper.application; includeInIndex = 0; path = mix_flutter_ios.app; sourceTree = BUILT_PRODUCTS_DIR; };
		A24DBF71243D61AC00428171 /* AppDelegate.swift */ = {isa = PBXFileReference; lastKnownFileType = sourcecode.swift; path = AppDelegate.swift; sourceTree = "<group>"; };
		A24DBF73243D61AC00428171 /* SceneDelegate.swift */ = {isa = PBXFileReference; lastKnownFileType = sourcecode.swift; path = SceneDelegate.swift; sourceTree = "<group>"; };
		A24DBF75243D61AC00428171 /* ViewController.swift */ = {isa = PBXFileReference; lastKnownFileType = sourcecode.swift; path = ViewController.swift; sourceTree = "<group>"; };
		A24DBF78243D61AC00428171 /* Base */ = {isa = PBXFileReference; lastKnownFileType = file.storyboard; name = Base; path = Base.lproj/Main.storyboard; sourceTree = "<group>"; };
		A24DBF7A243D61AD00428171 /* Assets.xcassets */ = {isa = PBXFileReference; lastKnownFileType = folder.assetcatalog; path = Assets.xcassets; sourceTree = "<group>"; };
		A24DBF7D243D61AD00428171 /* Base */ = {isa = PBXFileReference; lastKnownFileType = file.storyboard; name = Base; path = Base.lproj/LaunchScreen.storyboard; sourceTree = "<group>"; };
		A24DBF7F243D61AD00428171 /* Info.plist */ = {isa = PBXFileReference; lastKnownFileType = text.plist.xml; path = Info.plist; sourceTree = "<group>"; };
		A298745E243D677800B42656 /* mix_flutter_ios-Bridging-Header.h */ = {isa = PBXFileReference; lastKnownFileType = sourcecode.c.h; path = "mix_flutter_ios-Bridging-Header.h"; sourceTree = "<group>"; };
		A2987461243D683600B42656 /* PlatformRouterImp.swift */ = {isa = PBXFileReference; lastKnownFileType = sourcecode.swift; path = PlatformRouterImp.swift; sourceTree = "<group>"; };
		E7B58A3C0DA4DDEDDE299C33 /* Pods-mix_flutter_ios.release.xcconfig */ = {isa = PBXFileReference; includeInIndex = 1; lastKnownFileType = text.xcconfig; name = "Pods-mix_flutter_ios.release.xcconfig"; path = "Target Support Files/Pods-mix_flutter_ios/Pods-mix_flutter_ios.release.xcconfig"; sourceTree = "<group>"; };
/* End PBXFileReference section */

/* Begin PBXFrameworksBuildPhase section */
		A24DBF6B243D61AC00428171 /* Frameworks */ = {
			isa = PBXFrameworksBuildPhase;
			buildActionMask = 2147483647;
			files = (
				67904B84A9942FC63B1AE391 /* libPods-mix_flutter_ios.a in Frameworks */,
			);
			runOnlyForDeploymentPostprocessing = 0;
		};
/* End PBXFrameworksBuildPhase section */

/* Begin PBXGroup section */
		10B2AD8E7C197C4F08B5CE32 /* Pods */ = {
			isa = PBXGroup;
			children = (
				81A28BA865C960606346A5C8 /* Pods-mix_flutter_ios.debug.xcconfig */,
				E7B58A3C0DA4DDEDDE299C33 /* Pods-mix_flutter_ios.release.xcconfig */,
			);
			path = Pods;
			sourceTree = "<group>";
		};
		30269237B1BC5A2C1B0938A9 /* Frameworks */ = {
			isa = PBXGroup;
			children = (
				6C951320E28B62214630F11F /* libPods-mix_flutter_ios.a */,
			);
			name = Frameworks;
			sourceTree = "<group>";
		};
		A24DBF65243D61AC00428171 = {
			isa = PBXGroup;
			children = (
				A24DBF70243D61AC00428171 /* mix_flutter_ios */,
				A24DBF6F243D61AC00428171 /* Products */,
				10B2AD8E7C197C4F08B5CE32 /* Pods */,
				30269237B1BC5A2C1B0938A9 /* Frameworks */,
			);
			sourceTree = "<group>";
		};
		A24DBF6F243D61AC00428171 /* Products */ = {
			isa = PBXGroup;
			children = (
				A24DBF6E243D61AC00428171 /* mix_flutter_ios.app */,
			);
			name = Products;
			sourceTree = "<group>";
		};
		A24DBF70243D61AC00428171 /* mix_flutter_ios */ = {
			isa = PBXGroup;
			children = (
				A24DBF71243D61AC00428171 /* AppDelegate.swift */,
				A24DBF73243D61AC00428171 /* SceneDelegate.swift */,
				A24DBF75243D61AC00428171 /* ViewController.swift */,
				A24DBF77243D61AC00428171 /* Main.storyboard */,
				A24DBF7A243D61AD00428171 /* Assets.xcassets */,
				A24DBF7C243D61AD00428171 /* LaunchScreen.storyboard */,
				A24DBF7F243D61AD00428171 /* Info.plist */,
				A298745E243D677800B42656 /* mix_flutter_ios-Bridging-Header.h */,
				A2987461243D683600B42656 /* PlatformRouterImp.swift */,
			);
			path = mix_flutter_ios;
			sourceTree = "<group>";
		};
/* End PBXGroup section */

/* Begin PBXNativeTarget section */
		A24DBF6D243D61AC00428171 /* mix_flutter_ios */ = {
			isa = PBXNativeTarget;
			buildConfigurationList = A24DBF82243D61AD00428171 /* Build configuration list for PBXNativeTarget "mix_flutter_ios" */;
			buildPhases = (
				9683E9218892FAE5D230B5EE /* [CP] Check Pods Manifest.lock */,
				89B021CD69ED4B1CA5F8C293 /* [CP-User] Run Flutter Build Script */,
				A24DBF6A243D61AC00428171 /* Sources */,
				A24DBF6B243D61AC00428171 /* Frameworks */,
				A24DBF6C243D61AC00428171 /* Resources */,
				E2D287D3F97EC6AE505E7DD2 /* [CP] Embed Pods Frameworks */,
			);
			buildRules = (
			);
			dependencies = (
			);
			name = mix_flutter_ios;
			productName = mix_flutter_ios;
			productReference = A24DBF6E243D61AC00428171 /* mix_flutter_ios.app */;
			productType = "com.apple.product-type.application";
		};
/* End PBXNativeTarget section */

/* Begin PBXProject section */
		A24DBF66243D61AC00428171 /* Project object */ = {
			isa = PBXProject;
			attributes = {
				LastSwiftUpdateCheck = 1140;
				LastUpgradeCheck = 1140;
				ORGANIZATIONNAME = TradWang;
				TargetAttributes = {
					A24DBF6D243D61AC00428171 = {
						CreatedOnToolsVersion = 11.4;
						LastSwiftMigration = 1140;
					};
				};
			};
			buildConfigurationList = A24DBF69243D61AC00428171 /* Build configuration list for PBXProject "mix_flutter_ios" */;
			compatibilityVersion = "Xcode 9.3";
			developmentRegion = en;
			hasScannedForEncodings = 0;
			knownRegions = (
				en,
				Base,
			);
			mainGroup = A24DBF65243D61AC00428171;
			productRefGroup = A24DBF6F243D61AC00428171 /* Products */;
			projectDirPath = "";
			projectRoot = "";
			targets = (
				A24DBF6D243D61AC00428171 /* mix_flutter_ios */,
			);
		};
/* End PBXProject section */

/* Begin PBXResourcesBuildPhase section */
		A24DBF6C243D61AC00428171 /* Resources */ = {
			isa = PBXResourcesBuildPhase;
			buildActionMask = 2147483647;
			files = (
				A24DBF7E243D61AD00428171 /* LaunchScreen.storyboard in Resources */,
				A24DBF7B243D61AD00428171 /* Assets.xcassets in Resources */,
				A24DBF79243D61AC00428171 /* Main.storyboard in Resources */,
			);
			runOnlyForDeploymentPostprocessing = 0;
		};
/* End PBXResourcesBuildPhase section */

/* Begin PBXShellScriptBuildPhase section */
		89B021CD69ED4B1CA5F8C293 /* [CP-User] Run Flutter Build Script */ = {
			isa = PBXShellScriptBuildPhase;
			buildActionMask = 2147483647;
			files = (
			);
			inputPaths = (
				"${SRCROOT}/../mix_flutter_flutter/.metadata",
				"${SRCROOT}/../mix_flutter_flutter/.ios/Flutter/App.framework/App",
				"${SRCROOT}/../mix_flutter_flutter/.ios/Flutter/engine/Flutter.framework/Flutter",
				"${SRCROOT}/../mix_flutter_flutter/.ios/Flutter/flutter_export_environment.sh",
			);
			name = "[CP-User] Run Flutter Build Script";
			runOnlyForDeploymentPostprocessing = 0;
			shellPath = /bin/sh;
			shellScript = "set -e\nset -u\nsource \"${SRCROOT}/../mix_flutter_flutter/.ios/Flutter/flutter_export_environment.sh\"\n\"$FLUTTER_ROOT\"/packages/flutter_tools/bin/xcode_backend.sh build";
		};
		9683E9218892FAE5D230B5EE /* [CP] Check Pods Manifest.lock */ = {
			isa = PBXShellScriptBuildPhase;
			buildActionMask = 2147483647;
			files = (
			);
			inputFileListPaths = (
			);
			inputPaths = (
				"${PODS_PODFILE_DIR_PATH}/Podfile.lock",
				"${PODS_ROOT}/Manifest.lock",
			);
			name = "[CP] Check Pods Manifest.lock";
			outputFileListPaths = (
			);
			outputPaths = (
				"$(DERIVED_FILE_DIR)/Pods-mix_flutter_ios-checkManifestLockResult.txt",
			);
			runOnlyForDeploymentPostprocessing = 0;
			shellPath = /bin/sh;
			shellScript = "diff \"${PODS_PODFILE_DIR_PATH}/Podfile.lock\" \"${PODS_ROOT}/Manifest.lock\" > /dev/null\nif [ $? != 0 ] ; then\n    # print error to STDERR\n    echo \"error: The sandbox is not in sync with the Podfile.lock. Run 'pod install' or update your CocoaPods installation.\" >&2\n    exit 1\nfi\n# This output is used by Xcode 'outputs' to avoid re-running this script phase.\necho \"SUCCESS\" > \"${SCRIPT_OUTPUT_FILE_0}\"\n";
			showEnvVarsInLog = 0;
		};
		E2D287D3F97EC6AE505E7DD2 /* [CP] Embed Pods Frameworks */ = {
			isa = PBXShellScriptBuildPhase;
			buildActionMask = 2147483647;
			files = (
			);
			inputFileListPaths = (
				"${PODS_ROOT}/Target Support Files/Pods-mix_flutter_ios/Pods-mix_flutter_ios-frameworks-${CONFIGURATION}-input-files.xcfilelist",
			);
			name = "[CP] Embed Pods Frameworks";
			outputFileListPaths = (
				"${PODS_ROOT}/Target Support Files/Pods-mix_flutter_ios/Pods-mix_flutter_ios-frameworks-${CONFIGURATION}-output-files.xcfilelist",
			);
			runOnlyForDeploymentPostprocessing = 0;
			shellPath = /bin/sh;
			shellScript = "\"${PODS_ROOT}/Target Support Files/Pods-mix_flutter_ios/Pods-mix_flutter_ios-frameworks.sh\"\n";
			showEnvVarsInLog = 0;
		};
/* End PBXShellScriptBuildPhase section */

/* Begin PBXSourcesBuildPhase section */
		A24DBF6A243D61AC00428171 /* Sources */ = {
			isa = PBXSourcesBuildPhase;
			buildActionMask = 2147483647;
			files = (
				A24DBF76243D61AC00428171 /* ViewController.swift in Sources */,
				A24DBF72243D61AC00428171 /* AppDelegate.swift in Sources */,
				A2987462243D683600B42656 /* PlatformRouterImp.swift in Sources */,
				A24DBF74243D61AC00428171 /* SceneDelegate.swift in Sources */,
			);
			runOnlyForDeploymentPostprocessing = 0;
		};
/* End PBXSourcesBuildPhase section */

/* Begin PBXVariantGroup section */
		A24DBF77243D61AC00428171 /* Main.storyboard */ = {
			isa = PBXVariantGroup;
			children = (
				A24DBF78243D61AC00428171 /* Base */,
			);
			name = Main.storyboard;
			sourceTree = "<group>";
		};
		A24DBF7C243D61AD00428171 /* LaunchScreen.storyboard */ = {
			isa = PBXVariantGroup;
			children = (
				A24DBF7D243D61AD00428171 /* Base */,
			);
			name = LaunchScreen.storyboard;
			sourceTree = "<group>";
		};
/* End PBXVariantGroup section */

/* Begin XCBuildConfiguration section */
		A24DBF80243D61AD00428171 /* Debug */ = {
			isa = XCBuildConfiguration;
			buildSettings = {
				ALWAYS_SEARCH_USER_PATHS = NO;
				CLANG_ANALYZER_NONNULL = YES;
				CLANG_ANALYZER_NUMBER_OBJECT_CONVERSION = YES_AGGRESSIVE;
				CLANG_CXX_LANGUAGE_STANDARD = "gnu++14";
				CLANG_CXX_LIBRARY = "libc++";
				CLANG_ENABLE_MODULES = YES;
				CLANG_ENABLE_OBJC_ARC = YES;
				CLANG_ENABLE_OBJC_WEAK = YES;
				CLANG_WARN_BLOCK_CAPTURE_AUTORELEASING = YES;
				CLANG_WARN_BOOL_CONVERSION = YES;
				CLANG_WARN_COMMA = YES;
				CLANG_WARN_CONSTANT_CONVERSION = YES;
				CLANG_WARN_DEPRECATED_OBJC_IMPLEMENTATIONS = YES;
				CLANG_WARN_DIRECT_OBJC_ISA_USAGE = YES_ERROR;
				CLANG_WARN_DOCUMENTATION_COMMENTS = YES;
				CLANG_WARN_EMPTY_BODY = YES;
				CLANG_WARN_ENUM_CONVERSION = YES;
				CLANG_WARN_INFINITE_RECURSION = YES;
				CLANG_WARN_INT_CONVERSION = YES;
				CLANG_WARN_NON_LITERAL_NULL_CONVERSION = YES;
				CLANG_WARN_OBJC_IMPLICIT_RETAIN_SELF = YES;
				CLANG_WARN_OBJC_LITERAL_CONVERSION = YES;
				CLANG_WARN_OBJC_ROOT_CLASS = YES_ERROR;
				CLANG_WARN_RANGE_LOOP_ANALYSIS = YES;
				CLANG_WARN_STRICT_PROTOTYPES = YES;
				CLANG_WARN_SUSPICIOUS_MOVE = YES;
				CLANG_WARN_UNGUARDED_AVAILABILITY = YES_AGGRESSIVE;
				CLANG_WARN_UNREACHABLE_CODE = YES;
				CLANG_WARN__DUPLICATE_METHOD_MATCH = YES;
				COPY_PHASE_STRIP = NO;
				DEBUG_INFORMATION_FORMAT = dwarf;
				ENABLE_STRICT_OBJC_MSGSEND = YES;
				ENABLE_TESTABILITY = YES;
				GCC_C_LANGUAGE_STANDARD = gnu11;
				GCC_DYNAMIC_NO_PIC = NO;
				GCC_NO_COMMON_BLOCKS = YES;
				GCC_OPTIMIZATION_LEVEL = 0;
				GCC_PREPROCESSOR_DEFINITIONS = (
					"DEBUG=1",
					"$(inherited)",
				);
				GCC_WARN_64_TO_32_BIT_CONVERSION = YES;
				GCC_WARN_ABOUT_RETURN_TYPE = YES_ERROR;
				GCC_WARN_UNDECLARED_SELECTOR = YES;
				GCC_WARN_UNINITIALIZED_AUTOS = YES_AGGRESSIVE;
				GCC_WARN_UNUSED_FUNCTION = YES;
				GCC_WARN_UNUSED_VARIABLE = YES;
				IPHONEOS_DEPLOYMENT_TARGET = 13.4;
				MTL_ENABLE_DEBUG_INFO = INCLUDE_SOURCE;
				MTL_FAST_MATH = YES;
				ONLY_ACTIVE_ARCH = YES;
				SDKROOT = iphoneos;
				SWIFT_ACTIVE_COMPILATION_CONDITIONS = DEBUG;
				SWIFT_OPTIMIZATION_LEVEL = "-Onone";
			};
			name = Debug;
		};
		A24DBF81243D61AD00428171 /* Release */ = {
			isa = XCBuildConfiguration;
			buildSettings = {
				ALWAYS_SEARCH_USER_PATHS = NO;
				CLANG_ANALYZER_NONNULL = YES;
				CLANG_ANALYZER_NUMBER_OBJECT_CONVERSION = YES_AGGRESSIVE;
				CLANG_CXX_LANGUAGE_STANDARD = "gnu++14";
				CLANG_CXX_LIBRARY = "libc++";
				CLANG_ENABLE_MODULES = YES;
				CLANG_ENABLE_OBJC_ARC = YES;
				CLANG_ENABLE_OBJC_WEAK = YES;
				CLANG_WARN_BLOCK_CAPTURE_AUTORELEASING = YES;
				CLANG_WARN_BOOL_CONVERSION = YES;
				CLANG_WARN_COMMA = YES;
				CLANG_WARN_CONSTANT_CONVERSION = YES;
				CLANG_WARN_DEPRECATED_OBJC_IMPLEMENTATIONS = YES;
				CLANG_WARN_DIRECT_OBJC_ISA_USAGE = YES_ERROR;
				CLANG_WARN_DOCUMENTATION_COMMENTS = YES;
				CLANG_WARN_EMPTY_BODY = YES;
				CLANG_WARN_ENUM_CONVERSION = YES;
				CLANG_WARN_INFINITE_RECURSION = YES;
				CLANG_WARN_INT_CONVERSION = YES;
				CLANG_WARN_NON_LITERAL_NULL_CONVERSION = YES;
				CLANG_WARN_OBJC_IMPLICIT_RETAIN_SELF = YES;
				CLANG_WARN_OBJC_LITERAL_CONVERSION = YES;
				CLANG_WARN_OBJC_ROOT_CLASS = YES_ERROR;
				CLANG_WARN_RANGE_LOOP_ANALYSIS = YES;
				CLANG_WARN_STRICT_PROTOTYPES = YES;
				CLANG_WARN_SUSPICIOUS_MOVE = YES;
				CLANG_WARN_UNGUARDED_AVAILABILITY = YES_AGGRESSIVE;
				CLANG_WARN_UNREACHABLE_CODE = YES;
				CLANG_WARN__DUPLICATE_METHOD_MATCH = YES;
				COPY_PHASE_STRIP = NO;
				DEBUG_INFORMATION_FORMAT = "dwarf-with-dsym";
				ENABLE_NS_ASSERTIONS = NO;
				ENABLE_STRICT_OBJC_MSGSEND = YES;
				GCC_C_LANGUAGE_STANDARD = gnu11;
				GCC_NO_COMMON_BLOCKS = YES;
				GCC_WARN_64_TO_32_BIT_CONVERSION = YES;
				GCC_WARN_ABOUT_RETURN_TYPE = YES_ERROR;
				GCC_WARN_UNDECLARED_SELECTOR = YES;
				GCC_WARN_UNINITIALIZED_AUTOS = YES_AGGRESSIVE;
				GCC_WARN_UNUSED_FUNCTION = YES;
				GCC_WARN_UNUSED_VARIABLE = YES;
				IPHONEOS_DEPLOYMENT_TARGET = 13.4;
				MTL_ENABLE_DEBUG_INFO = NO;
				MTL_FAST_MATH = YES;
				SDKROOT = iphoneos;
				SWIFT_COMPILATION_MODE = wholemodule;
				SWIFT_OPTIMIZATION_LEVEL = "-O";
				VALIDATE_PRODUCT = YES;
			};
			name = Release;
		};
		A24DBF83243D61AD00428171 /* Debug */ = {
			isa = XCBuildConfiguration;
			baseConfigurationReference = 81A28BA865C960606346A5C8 /* Pods-mix_flutter_ios.debug.xcconfig */;
			buildSettings = {
				ASSETCATALOG_COMPILER_APPICON_NAME = AppIcon;
				CLANG_ENABLE_MODULES = YES;
				CODE_SIGN_STYLE = Automatic;
				DEVELOPMENT_TEAM = TKDMA3MMZ3;
				INFOPLIST_FILE = mix_flutter_ios/Info.plist;
				LD_RUNPATH_SEARCH_PATHS = (
					"$(inherited)",
					"@executable_path/Frameworks",
				);
				PRODUCT_BUNDLE_IDENTIFIER = "tradwang.mix-flutter-ios";
				PRODUCT_NAME = "$(TARGET_NAME)";
				SWIFT_OBJC_BRIDGING_HEADER = "mix_flutter_ios/mix_flutter_ios-Bridging-Header.h";
				SWIFT_OPTIMIZATION_LEVEL = "-Onone";
				SWIFT_VERSION = 5.0;
				TARGETED_DEVICE_FAMILY = "1,2";
			};
			name = Debug;
		};
		A24DBF84243D61AD00428171 /* Release */ = {
			isa = XCBuildConfiguration;
			baseConfigurationReference = E7B58A3C0DA4DDEDDE299C33 /* Pods-mix_flutter_ios.release.xcconfig */;
			buildSettings = {
				ASSETCATALOG_COMPILER_APPICON_NAME = AppIcon;
				CLANG_ENABLE_MODULES = YES;
				CODE_SIGN_STYLE = Automatic;
				DEVELOPMENT_TEAM = TKDMA3MMZ3;
				INFOPLIST_FILE = mix_flutter_ios/Info.plist;
				LD_RUNPATH_SEARCH_PATHS = (
					"$(inherited)",
					"@executable_path/Frameworks",
				);
				PRODUCT_BUNDLE_IDENTIFIER = "tradwang.mix-flutter-ios";
				PRODUCT_NAME = "$(TARGET_NAME)";
				SWIFT_OBJC_BRIDGING_HEADER = "mix_flutter_ios/mix_flutter_ios-Bridging-Header.h";
				SWIFT_VERSION = 5.0;
				TARGETED_DEVICE_FAMILY = "1,2";
			};
			name = Release;
		};
/* End XCBuildConfiguration section */

/* Begin XCConfigurationList section */
		A24DBF69243D61AC00428171 /* Build configuration list for PBXProject "mix_flutter_ios" */ = {
			isa = XCConfigurationList;
			buildConfigurations = (
				A24DBF80243D61AD00428171 /* Debug */,
				A24DBF81243D61AD00428171 /* Release */,
			);
			defaultConfigurationIsVisible = 0;
			defaultConfigurationName = Release;
		};
		A24DBF82243D61AD00428171 /* Build configuration list for PBXNativeTarget "mix_flutter_ios" */ = {
			isa = XCConfigurationList;
			buildConfigurations = (
				A24DBF83243D61AD00428171 /* Debug */,
				A24DBF84243D61AD00428171 /* Release */,
			);
			defaultConfigurationIsVisible = 0;
			defaultConfigurationName = Release;
		};
/* End XCConfigurationList section */
	};
	rootObject = A24DBF66243D61AC00428171 /* Project object */;
}
