PODS:
  - Flutter (1.0.0)
  - flutter_boost (0.0.2):
    - Flutter
  - FlutterPluginRegistrant (0.0.1):
    - Flutter
    - flutter_boost
  - mix_flutter_flutter (0.0.1):
    - Flutter

DEPENDENCIES:
  - Flutter (from `../mix_flutter_flutter/.ios/Flutter/engine`)
  - flutter_boost (from `../mix_flutter_flutter/.ios/Flutter/.symlinks/flutter_boost/ios`)
  - FlutterPluginRegistrant (from `../mix_flutter_flutter/.ios/Flutter/FlutterPluginRegistrant`)
  - mix_flutter_flutter (from `../mix_flutter_flutter/.ios/Flutter`)

EXTERNAL SOURCES:
  Flutter:
    :path: "../mix_flutter_flutter/.ios/Flutter/engine"
  flutter_boost:
    :path: "../mix_flutter_flutter/.ios/Flutter/.symlinks/flutter_boost/ios"
  FlutterPluginRegistrant:
    :path: "../mix_flutter_flutter/.ios/Flutter/FlutterPluginRegistrant"
  mix_flutter_flutter:
    :path: "../mix_flutter_flutter/.ios/Flutter"

SPEC CHECKSUMS:
  Flutter: 0e3d915762c693b495b44d77113d4970485de6ec
  flutter_boost: a7cfa776b75329d5e7d101d0cd33e75042bcde69
  FlutterPluginRegistrant: 717df6b322c7d500c17eeff54284c74ed5410c7b
  mix_flutter_flutter: e0190ddd28b272cf8f035b833f1d72cb3f36417a

PODFILE CHECKSUM: 61f61414d0a907773eade3ab43b14754fa89a747

COCOAPODS: 1.8.4
